Microsoft Visual Studio Solution File, Format Version 9.00
# Visual Studio 2005
Project("{8BC9CEB8-8B4A-11D0-8D11-00A0C91BC942}") = "MakeBuild", "MakeBuild.vcproj", "{4E4AAB4A-6149-43B9-9CDA-36DF6F4770FE}"
EndProject
Global
	GlobalSection(SolutionConfigurationPlatforms) = preSolution
		Debug|Win32 = Debug|Win32
		Release|Win32 = Release|Win32
	EndGlobalSection
	GlobalSection(ProjectConfigurationPlatforms) = postSolution
		{4E4AAB4A-6149-43B9-9CDA-36DF6F4770FE}.Debug|Win32.ActiveCfg = Debug|Win32
		{4E4AAB4A-6149-43B9-9CDA-36DF6F4770FE}.Debug|Win32.Build.0 = Debug|Win32
		{4E4AAB4A-6149-43B9-9CDA-36DF6F4770FE}.Release|Win32.ActiveCfg = Release|Win32
		{4E4AAB4A-6149-43B9-9CDA-36DF6F4770FE}.Release|Win32.Build.0 = Release|Win32
	EndGlobalSection
	GlobalSection(SolutionProperties) = preSolution
		HideSolutionNode = FALSE
	EndGlobalSection
EndGlobal
