Microsoft Visual Studio Solution File, Format Version 7.00
Project("{8BC9CEB8-8B4A-11D0-8D11-00A0C91BC942}") = "CJPeg", "CJPeg.vcproj", "{BBDBF04A-0659-4B95-8E1A-910FAA99468D}"
EndProject
Global
	GlobalSection(SolutionConfiguration) = preSolution
		ConfigName.0 = Debug
		ConfigName.1 = Release
	EndGlobalSection
	GlobalSection(ProjectDependencies) = postSolution
	EndGlobalSection
	GlobalSection(ProjectConfiguration) = postSolution
		{BBDBF04A-0659-4B95-8E1A-910FAA99468D}.Debug.ActiveCfg = Debug|Win32
		{BBDBF04A-0659-4B95-8E1A-910FAA99468D}.Debug.Build.0 = Debug|Win32
		{BBDBF04A-0659-4B95-8E1A-910FAA99468D}.Release.ActiveCfg = Release|Win32
		{BBDBF04A-0659-4B95-8E1A-910FAA99468D}.Release.Build.0 = Release|Win32
	EndGlobalSection
	GlobalSection(ExtensibilityGlobals) = postSolution
	EndGlobalSection
	GlobalSection(ExtensibilityAddIns) = postSolution
	EndGlobalSection
EndGlobal
